
Microsoft Visual Studio Solution File, Format Version 12.00
# Visual Studio Version 17
VisualStudioVersion = 17.0.31903.59
MinimumVisualStudioVersion = 10.0.40219.1
Project("{FAE04EC0-301F-11D3-BF4B-00C04F79EFBC}") = "MaxEdu.API", "MaxEdu.API\MaxEdu.API.csproj", "{68482836-F56A-4320-A0DE-8FB6A9EBA044}"
EndProject
Project("{FAE04EC0-301F-11D3-BF4B-00C04F79EFBC}") = "MaxEdu.Domain", "MaxEdu.Domain\MaxEdu.Domain.csproj", "{D75FD3E7-8705-47B9-95B6-BF1A6429052B}"
EndProject
Global
	GlobalSection(SolutionConfigurationPlatforms) = preSolution
		Debug|Any CPU = Debug|Any CPU
		Release|Any CPU = Release|Any CPU
	EndGlobalSection
	GlobalSection(ProjectConfigurationPlatforms) = postSolution
		{68482836-F56A-4320-A0DE-8FB6A9EBA044}.Debug|Any CPU.ActiveCfg = Debug|Any CPU
		{68482836-F56A-4320-A0DE-8FB6A9EBA044}.Debug|Any CPU.Build.0 = Debug|Any CPU
		{68482836-F56A-4320-A0DE-8FB6A9EBA044}.Release|Any CPU.ActiveCfg = Release|Any CPU
		{68482836-F56A-4320-A0DE-8FB6A9EBA044}.Release|Any CPU.Build.0 = Release|Any CPU
		{D75FD3E7-8705-47B9-95B6-BF1A6429052B}.Debug|Any CPU.ActiveCfg = Debug|Any CPU
		{D75FD3E7-8705-47B9-95B6-BF1A6429052B}.Debug|Any CPU.Build.0 = Debug|Any CPU
		{D75FD3E7-8705-47B9-95B6-BF1A6429052B}.Release|Any CPU.ActiveCfg = Release|Any CPU
		{D75FD3E7-8705-47B9-95B6-BF1A6429052B}.Release|Any CPU.Build.0 = Release|Any CPU
	EndGlobalSection
	GlobalSection(SolutionProperties) = preSolution
		HideSolutionNode = FALSE
	EndGlobalSection
	GlobalSection(ExtensibilityGlobals) = postSolution
		SolutionGuid = {5C0BB4FC-DB94-406C-BE8B-98265ACF5A3C}
	EndGlobalSection
EndGlobal
